
Microsoft Visual Studio Solution File, Format Version 12.00
# Visual Studio Version 16
VisualStudioVersion = 16.0.31105.61
MinimumVisualStudioVersion = 10.0.40219.1
Project("{FAE04EC0-301F-11D3-BF4B-00C04F79EFBC}") = "KubernateTechshowDemo", "KubernateTechshowDemo.csproj", "{A770B0AA-D164-4142-968C-3267375575CA}"
EndProject
Global
	GlobalSection(SolutionConfigurationPlatforms) = preSolution
		Debug|Any CPU = Debug|Any CPU
		Release|Any CPU = Release|Any CPU
	EndGlobalSection
	GlobalSection(ProjectConfigurationPlatforms) = postSolution
		{A770B0AA-D164-4142-968C-3267375575CA}.Debug|Any CPU.ActiveCfg = Debug|Any CPU
		{A770B0AA-D164-4142-968C-3267375575CA}.Debug|Any CPU.Build.0 = Debug|Any CPU
		{A770B0AA-D164-4142-968C-3267375575CA}.Release|Any CPU.ActiveCfg = Release|Any CPU
		{A770B0AA-D164-4142-968C-3267375575CA}.Release|Any CPU.Build.0 = Release|Any CPU
	EndGlobalSection
	GlobalSection(SolutionProperties) = preSolution
		HideSolutionNode = FALSE
	EndGlobalSection
	GlobalSection(ExtensibilityGlobals) = postSolution
		SolutionGuid = {8ED2878E-25CD-42A3-8B68-EC4FE0BEA8DD}
	EndGlobalSection
EndGlobal
